<?xml version="1.0" encoding="utf-8"?>
<Project ToolsVersion="4.0" xmlns="http://schemas.microsoft.com/developer/msbuild/2003">
  <ItemGroup>
    <Filter Include="소스 파일">
      <UniqueIdentifier>{4FC737F1-C7A5-4376-A066-2A32D752A2FF}</UniqueIdentifier>
      <Extensions>cpp;c;cc;cxx;def;odl;idl;hpj;bat;asm;asmx</Extensions>
    </Filter>
    <Filter Include="헤더 파일">
      <UniqueIdentifier>{93995380-89BD-4b04-88EB-625FBE52EBFB}</UniqueIdentifier>
      <Extensions>h;hpp;hxx;hm;inl;inc;xsd</Extensions>
    </Filter>
    <Filter Include="리소스 파일">
      <UniqueIdentifier>{67DA6AB6-F800-4c08-8B7A-83BB121AAD01}</UniqueIdentifier>
      <Extensions>rc;ico;cur;bmp;dlg;rc2;rct;bin;rgs;gif;jpg;jpeg;jpe;resx;tiff;tif;png;wav</Extensions>
    </Filter>
    <Filter Include="DB">
      <UniqueIdentifier>{43aa32de-ae23-4d92-a089-c8909a2645eb}</UniqueIdentifier>
    </Filter>
    <Filter Include="Common">
      <UniqueIdentifier>{0d59a25c-86ab-4373-8c17-4192c54b0198}</UniqueIdentifier>
    </Filter>
    <Filter Include="DB\Result">
      <UniqueIdentifier>{d439332f-4b29-4170-8e24-f0d6cecfc1ed}</UniqueIdentifier>
    </Filter>
    <Filter Include="DB\Param">
      <UniqueIdentifier>{5c2a048c-8050-4d2f-be11-822701bb8e7b}</UniqueIdentifier>
    </Filter>
  </ItemGroup>
  <ItemGroup>
    <ClCompile Include="GSDBA.cpp">
      <Filter>소스 파일</Filter>
    </ClCompile>
    <ClCompile Include="NetworkSession.cpp">
      <Filter>소스 파일</Filter>
    </ClCompile>
    <ClCompile Include="NetWorkSessionMgr.cpp">
      <Filter>소스 파일</Filter>
    </ClCompile>
    <ClCompile Include="ServerIOCP.cpp">
      <Filter>소스 파일</Filter>
    </ClCompile>
    <ClCompile Include="stdafx.cpp">
      <Filter>소스 파일</Filter>
    </ClCompile>
    <ClCompile Include="DBProcess.cpp">
      <Filter>DB</Filter>
    </ClCompile>
    <ClCompile Include="GSResult.cpp">
      <Filter>DB\Result</Filter>
    </ClCompile>
    <ClCompile Include="Param\GSParam.cpp">
      <Filter>DB\Param</Filter>
    </ClCompile>
  </ItemGroup>
  <ItemGroup>
    <ClInclude Include="NetworkSession.h">
      <Filter>헤더 파일</Filter>
    </ClInclude>
    <ClInclude Include="NetWorkSessionMgr.h">
      <Filter>헤더 파일</Filter>
    </ClInclude>
    <ClInclude Include="ServerIOCP.h">
      <Filter>헤더 파일</Filter>
    </ClInclude>
    <ClInclude Include="stdafx.h">
      <Filter>헤더 파일</Filter>
    </ClInclude>
    <ClInclude Include="targetver.h">
      <Filter>헤더 파일</Filter>
    </ClInclude>
    <ClInclude Include="DBProcess.h">
      <Filter>DB</Filter>
    </ClInclude>
    <ClInclude Include="..\Common\common.h">
      <Filter>Common</Filter>
    </ClInclude>
    <ClInclude Include="GSResult.h">
      <Filter>DB\Result</Filter>
    </ClInclude>
    <ClInclude Include="Param\GSParam.h">
      <Filter>DB\Param</Filter>
    </ClInclude>
  </ItemGroup>
  <ItemGroup>
    <None Include="ReadMe.txt" />
  </ItemGroup>
</Project>