<?xml version="1.0" encoding="utf-8"?>
<Project ToolsVersion="4.0" xmlns="http://schemas.microsoft.com/developer/msbuild/2003">
  <ItemGroup>
    <ClCompile Include="Allocator\GSAllocator.cpp">
      <Filter>Allocator</Filter>
    </ClCompile>
    <ClCompile Include="GROUP\GroupContainer.cpp">
      <Filter>GROUP</Filter>
    </ClCompile>
    <ClCompile Include="GROUP\Group.cpp">
      <Filter>GROUP</Filter>
    </ClCompile>
    <ClCompile Include="GSServer\GSContainer.cpp">
      <Filter>GSSERVER</Filter>
    </ClCompile>
    <ClCompile Include="GSServer\GSAgency.cpp">
      <Filter>GSSERVER</Filter>
    </ClCompile>
    <ClCompile Include="IOCP\UDP\ServerIOCP_UDP.cpp">
      <Filter>IOCP\UDP</Filter>
    </ClCompile>
    <ClCompile Include="IOCP\UDP\UDPSession.cpp">
      <Filter>IOCP\UDP</Filter>
    </ClCompile>
    <ClCompile Include="IOCP\TCP\ServerIOCP_TCP.cpp">
      <Filter>IOCP\TCP</Filter>
    </ClCompile>
    <ClCompile Include="IOCP\TCP\TCPSession.cpp">
      <Filter>IOCP\TCP</Filter>
    </ClCompile>
    <ClCompile Include="IOCP\TCP\TCPSessionMgr.cpp">
      <Filter>IOCP\TCP</Filter>
    </ClCompile>
    <ClCompile Include="MSG\MSG_ACCEPT.CPP">
      <Filter>MSG</Filter>
    </ClCompile>
    <ClCompile Include="MSG\MSG_CLOSE.CPP">
      <Filter>MSG</Filter>
    </ClCompile>
    <ClCompile Include="MSG\MSG_PACKET.cpp">
      <Filter>MSG</Filter>
    </ClCompile>
    <ClCompile Include="MSG\MSG_PACKET_UDP.cpp">
      <Filter>MSG</Filter>
    </ClCompile>
    <ClCompile Include="PROCESS\Adapt.cpp">
      <Filter>PROCESS</Filter>
    </ClCompile>
    <ClCompile Include="PROCESS\IRelayProcess.cpp">
      <Filter>PROCESS</Filter>
    </ClCompile>
    <ClCompile Include="PROCESS\ITCPProcess.cpp">
      <Filter>PROCESS</Filter>
    </ClCompile>
    <ClCompile Include="PROCESS\IUdpProcess.cpp">
      <Filter>PROCESS</Filter>
    </ClCompile>
    <ClCompile Include="PROCESS\Sender.cpp">
      <Filter>PROCESS</Filter>
    </ClCompile>
    <ClCompile Include="GSMainProcess.cpp" />
    <ClCompile Include="GSRelay.cpp" />
    <ClCompile Include="GSIniContext.cpp">
      <Filter>INI</Filter>
    </ClCompile>
    <ClCompile Include="stdafx.cpp" />
  </ItemGroup>
  <ItemGroup>
    <ClInclude Include="Allocator\GSAllocator.h">
      <Filter>Allocator</Filter>
    </ClInclude>
    <ClInclude Include="GROUP\GroupContainer.h">
      <Filter>GROUP</Filter>
    </ClInclude>
    <ClInclude Include="GROUP\Group.h">
      <Filter>GROUP</Filter>
    </ClInclude>
    <ClInclude Include="GSServer\GSContainer.h">
      <Filter>GSSERVER</Filter>
    </ClInclude>
    <ClInclude Include="GSServer\GSAgency.h">
      <Filter>GSSERVER</Filter>
    </ClInclude>
    <ClInclude Include="IOCP\UDP\ServerIOCP_UDP.h">
      <Filter>IOCP\UDP</Filter>
    </ClInclude>
    <ClInclude Include="IOCP\UDP\UDPSession.h">
      <Filter>IOCP\UDP</Filter>
    </ClInclude>
    <ClInclude Include="IOCP\TCP\ServerIOCP_TCP.h">
      <Filter>IOCP\TCP</Filter>
    </ClInclude>
    <ClInclude Include="IOCP\TCP\TCPSession.h">
      <Filter>IOCP\TCP</Filter>
    </ClInclude>
    <ClInclude Include="IOCP\TCP\TCPSessionMgr.h">
      <Filter>IOCP\TCP</Filter>
    </ClInclude>
    <ClInclude Include="MSG\Adapt.h">
      <Filter>MSG</Filter>
    </ClInclude>
    <ClInclude Include="MSG\MSG.h">
      <Filter>MSG</Filter>
    </ClInclude>
    <ClInclude Include="MSG\MSG_ACCEPT.h">
      <Filter>MSG</Filter>
    </ClInclude>
    <ClInclude Include="MSG\MSG_CLOSE.h">
      <Filter>MSG</Filter>
    </ClInclude>
    <ClInclude Include="MSG\MSG_PACKET.h">
      <Filter>MSG</Filter>
    </ClInclude>
    <ClInclude Include="MSG\MSG_PACKET_UDP.h">
      <Filter>MSG</Filter>
    </ClInclude>
    <ClInclude Include="PROCESS\Adapt.h">
      <Filter>PROCESS</Filter>
    </ClInclude>
    <ClInclude Include="PROCESS\IRelayProcess.h">
      <Filter>PROCESS</Filter>
    </ClInclude>
    <ClInclude Include="PROCESS\ITCPProcess.h">
      <Filter>PROCESS</Filter>
    </ClInclude>
    <ClInclude Include="PROCESS\IUdpProcess.h">
      <Filter>PROCESS</Filter>
    </ClInclude>
    <ClInclude Include="PROCESS\Sender.h">
      <Filter>PROCESS</Filter>
    </ClInclude>
    <ClInclude Include="GSMainProcess.h" />
    <ClInclude Include="GSIniContext.h">
      <Filter>INI</Filter>
    </ClInclude>
    <ClInclude Include="stdafx.h" />
    <ClInclude Include="targetver.h" />
  </ItemGroup>
  <ItemGroup>
    <Filter Include="Allocator">
      <UniqueIdentifier>{5138a3cf-0883-4e81-85d5-cafb082fa4da}</UniqueIdentifier>
    </Filter>
    <Filter Include="GROUP">
      <UniqueIdentifier>{62bf44d8-7c06-4af0-935a-73d1fffbad9d}</UniqueIdentifier>
    </Filter>
    <Filter Include="GSSERVER">
      <UniqueIdentifier>{b2f1b651-590d-416f-9b18-3b1c7a9cb267}</UniqueIdentifier>
    </Filter>
    <Filter Include="IOCP">
      <UniqueIdentifier>{d6139166-1a5e-482b-9c2f-c0325d468ea1}</UniqueIdentifier>
    </Filter>
    <Filter Include="IOCP\TCP">
      <UniqueIdentifier>{6e132a62-e90e-4bfc-80f2-cebd8ff3872b}</UniqueIdentifier>
    </Filter>
    <Filter Include="IOCP\UDP">
      <UniqueIdentifier>{fc5134dc-d4ab-45e1-8444-9e6f4a76e31c}</UniqueIdentifier>
    </Filter>
    <Filter Include="MSG">
      <UniqueIdentifier>{53281b55-13aa-41e6-891b-e6f6707e1596}</UniqueIdentifier>
    </Filter>
    <Filter Include="PROCESS">
      <UniqueIdentifier>{d4aec55b-df01-400e-b2c9-f7650f3f4b32}</UniqueIdentifier>
    </Filter>
    <Filter Include="INI">
      <UniqueIdentifier>{428b3b6f-5e11-4fd7-8acc-6eeec283ced3}</UniqueIdentifier>
    </Filter>
  </ItemGroup>
</Project>