<?xml version="1.0" encoding="utf-8"?>
<Project ToolsVersion="4.0" xmlns="http://schemas.microsoft.com/developer/msbuild/2003">
  <ItemGroup>
    <Filter Include="소스 파일">
      <UniqueIdentifier>{4FC737F1-C7A5-4376-A066-2A32D752A2FF}</UniqueIdentifier>
      <Extensions>cpp;c;cc;cxx;def;odl;idl;hpj;bat;asm;asmx</Extensions>
    </Filter>
    <Filter Include="헤더 파일">
      <UniqueIdentifier>{93995380-89BD-4b04-88EB-625FBE52EBFB}</UniqueIdentifier>
      <Extensions>h;hpp;hxx;hm;inl;inc;xsd</Extensions>
    </Filter>
    <Filter Include="리소스 파일">
      <UniqueIdentifier>{67DA6AB6-F800-4c08-8B7A-83BB121AAD01}</UniqueIdentifier>
      <Extensions>rc;ico;cur;bmp;dlg;rc2;rct;bin;rgs;gif;jpg;jpeg;jpe;resx;tiff;tif;png;wav;mfcribbon-ms</Extensions>
    </Filter>
    <Filter Include="Channel">
      <UniqueIdentifier>{a5739e9e-5c1d-4f15-bba3-81a06aed6913}</UniqueIdentifier>
    </Filter>
    <Filter Include="Command">
      <UniqueIdentifier>{f00d0add-562a-40e5-bd53-1c49f9e0eae4}</UniqueIdentifier>
    </Filter>
    <Filter Include="Constructor">
      <UniqueIdentifier>{22b9cc69-8e65-486b-8d47-7f2bd2d899d0}</UniqueIdentifier>
    </Filter>
    <Filter Include="DBProxy">
      <UniqueIdentifier>{06e90e6f-2f94-4578-b188-795f9c3a1b71}</UniqueIdentifier>
    </Filter>
    <Filter Include="Log">
      <UniqueIdentifier>{a427cc94-7a0c-4dff-be46-d66df33ec124}</UniqueIdentifier>
    </Filter>
    <Filter Include="Player">
      <UniqueIdentifier>{d7b74d0a-e410-43ff-910c-c2ba06ae5d50}</UniqueIdentifier>
    </Filter>
    <Filter Include="Room">
      <UniqueIdentifier>{4ff18181-6fc6-4160-8775-8bebed84d126}</UniqueIdentifier>
    </Filter>
    <Filter Include="ServerAgent">
      <UniqueIdentifier>{91b18f2d-e53c-40b0-a920-fbc5a3542d37}</UniqueIdentifier>
    </Filter>
    <Filter Include="DBProxy\DBProxy">
      <UniqueIdentifier>{1be62941-74cb-4916-9660-0a4d690c6a63}</UniqueIdentifier>
    </Filter>
    <Filter Include="Room\ac">
      <UniqueIdentifier>{91a3598b-eb2d-49f0-9c61-a1a3a6955271}</UniqueIdentifier>
    </Filter>
    <Filter Include="Room\tank">
      <UniqueIdentifier>{101e8f93-5fb4-4d20-a077-f3d4e743ab2e}</UniqueIdentifier>
    </Filter>
    <Filter Include="Player\Container">
      <UniqueIdentifier>{dc2832c7-cfd1-47f7-b556-b392633f80f9}</UniqueIdentifier>
    </Filter>
    <Filter Include="Player\Container\Character">
      <UniqueIdentifier>{fb143d8a-8d10-42ae-9b95-07d6984d6833}</UniqueIdentifier>
    </Filter>
    <Filter Include="Server">
      <UniqueIdentifier>{464b0ca9-2282-4687-8d45-c682928143dd}</UniqueIdentifier>
    </Filter>
    <Filter Include="Player\MSG">
      <UniqueIdentifier>{d206c6a3-d37a-41a8-9cba-f9a10541f138}</UniqueIdentifier>
    </Filter>
  </ItemGroup>
  <ItemGroup>
    <None Include="ReadMe.txt" />
  </ItemGroup>
  <ItemGroup>
    <ClInclude Include="stdafx.h">
      <Filter>헤더 파일</Filter>
    </ClInclude>
    <ClInclude Include="targetver.h">
      <Filter>헤더 파일</Filter>
    </ClInclude>
    <ClInclude Include="Channel\Channel.h">
      <Filter>Channel</Filter>
    </ClInclude>
    <ClInclude Include="Channel\ChannelContainer.h">
      <Filter>Channel</Filter>
    </ClInclude>
    <ClInclude Include="Channel\ChannelContainer.hpp">
      <Filter>Channel</Filter>
    </ClInclude>
    <ClInclude Include="Command\Command.h">
      <Filter>Command</Filter>
    </ClInclude>
    <ClInclude Include="Constructor\GSConstructor.h">
      <Filter>Constructor</Filter>
    </ClInclude>
    <ClInclude Include="Constructor\GSIniContext.h">
      <Filter>Constructor</Filter>
    </ClInclude>
    <ClInclude Include="DBProxy\DBProcess.h">
      <Filter>DBProxy</Filter>
    </ClInclude>
    <ClInclude Include="DBProxy\DBProcess.hpp">
      <Filter>DBProxy</Filter>
    </ClInclude>
    <ClInclude Include="DBProxy\DBProcessContainer.h">
      <Filter>DBProxy</Filter>
    </ClInclude>
    <ClInclude Include="DBProxy\DBJob\ClearConcurrent.h">
      <Filter>DBProxy\DBProxy</Filter>
    </ClInclude>
    <ClInclude Include="DBProxy\DBJob\ClosePlayer.h">
      <Filter>DBProxy\DBProxy</Filter>
    </ClInclude>
    <ClInclude Include="DBProxy\DBJob\RequestPlayerAuth.h">
      <Filter>DBProxy\DBProxy</Filter>
    </ClInclude>
    <ClInclude Include="DBProxy\DBJob\UpdatePlayerData.h">
      <Filter>DBProxy\DBProxy</Filter>
    </ClInclude>
    <ClInclude Include="LOG\FrontLog.h">
      <Filter>Log</Filter>
    </ClInclude>
    <ClInclude Include="Room\IGameRule.h">
      <Filter>Room</Filter>
    </ClInclude>
    <ClInclude Include="Room\Room.h">
      <Filter>Room</Filter>
    </ClInclude>
    <ClInclude Include="Room\RoomContainer.h">
      <Filter>Room</Filter>
    </ClInclude>
    <ClInclude Include="Room\RoomContainer.hpp">
      <Filter>Room</Filter>
    </ClInclude>
    <ClInclude Include="PLAYER\Container\Player.h">
      <Filter>Player\Container</Filter>
    </ClInclude>
    <ClInclude Include="PLAYER\Container\PlayerContainer.h">
      <Filter>Player\Container</Filter>
    </ClInclude>
    <ClInclude Include="PLAYER\Container\PlayerContainer.hpp">
      <Filter>Player\Container</Filter>
    </ClInclude>
    <ClInclude Include="PLAYER\Container\Character\ACGameStock.h">
      <Filter>Player\Container\Character</Filter>
    </ClInclude>
    <ClInclude Include="PLAYER\Container\Character\Character.h">
      <Filter>Player\Container\Character</Filter>
    </ClInclude>
    <ClInclude Include="PLAYER\Container\Character\TankGameStock.h">
      <Filter>Player\Container\Character</Filter>
    </ClInclude>
    <ClInclude Include="Server\GSJGServer.h">
      <Filter>Server</Filter>
    </ClInclude>
    <ClInclude Include="Server\GSJGPlayerProcess.h">
      <Filter>Server</Filter>
    </ClInclude>
    <ClInclude Include="Server\GSJGServerProcess.h">
      <Filter>Server</Filter>
    </ClInclude>
    <ClInclude Include="PLAYER\Message\MSG_PLAYER.h">
      <Filter>Player\MSG</Filter>
    </ClInclude>
    <ClInclude Include="PLAYER\Message\MSG_PLAYER_QUERY.h">
      <Filter>Player\MSG</Filter>
    </ClInclude>
    <ClInclude Include="PLAYER\Message\MSG_PLAYER_QUERY.hpp">
      <Filter>Player\MSG</Filter>
    </ClInclude>
    <ClInclude Include="PLAYER\Message\MSG_PLAYER_QUERY_RES.h">
      <Filter>Player\MSG</Filter>
    </ClInclude>
    <ClInclude Include="PLAYER\Message\MSG_PLAYER_QUERY_RES.hpp">
      <Filter>Player\MSG</Filter>
    </ClInclude>
    <ClInclude Include="ServerAgent\GSServerAgent.h">
      <Filter>ServerAgent</Filter>
    </ClInclude>
    <ClInclude Include="Room\tank\IGameRule_Tank.h">
      <Filter>Room\tank</Filter>
    </ClInclude>
  </ItemGroup>
  <ItemGroup>
    <ClCompile Include="stdafx.cpp">
      <Filter>소스 파일</Filter>
    </ClCompile>
    <ClCompile Include="GSJGS.cpp">
      <Filter>소스 파일</Filter>
    </ClCompile>
    <ClCompile Include="Channel\Channel.cpp">
      <Filter>Channel</Filter>
    </ClCompile>
    <ClCompile Include="Channel\ChannelContainer.cpp">
      <Filter>Channel</Filter>
    </ClCompile>
    <ClCompile Include="Command\Command.cpp">
      <Filter>Command</Filter>
    </ClCompile>
    <ClCompile Include="Constructor\GSConstructor.cpp">
      <Filter>Constructor</Filter>
    </ClCompile>
    <ClCompile Include="Constructor\GSIniContext.cpp">
      <Filter>Constructor</Filter>
    </ClCompile>
    <ClCompile Include="DBProxy\DBProcess.cpp">
      <Filter>DBProxy</Filter>
    </ClCompile>
    <ClCompile Include="DBProxy\DBProcessContainer.cpp">
      <Filter>DBProxy</Filter>
    </ClCompile>
    <ClCompile Include="DBProxy\DBJob\ClearConcurrent.cpp">
      <Filter>DBProxy\DBProxy</Filter>
    </ClCompile>
    <ClCompile Include="DBProxy\DBJob\ClosePlayer.cpp">
      <Filter>DBProxy\DBProxy</Filter>
    </ClCompile>
    <ClCompile Include="DBProxy\DBJob\RequestPlayerAuth.cpp">
      <Filter>DBProxy\DBProxy</Filter>
    </ClCompile>
    <ClCompile Include="DBProxy\DBJob\UpdatePlayerData.cpp">
      <Filter>DBProxy\DBProxy</Filter>
    </ClCompile>
    <ClCompile Include="LOG\FrontLog.cpp">
      <Filter>Log</Filter>
    </ClCompile>
    <ClCompile Include="Room\IGameRule.cpp">
      <Filter>Room</Filter>
    </ClCompile>
    <ClCompile Include="Room\Room.cpp">
      <Filter>Room</Filter>
    </ClCompile>
    <ClCompile Include="Room\RoomContainer.cpp">
      <Filter>Room</Filter>
    </ClCompile>
    <ClCompile Include="Room\tank\IGameRule_Tank.cpp">
      <Filter>Room\tank</Filter>
    </ClCompile>
    <ClCompile Include="PLAYER\Container\Player.cpp">
      <Filter>Player\Container</Filter>
    </ClCompile>
    <ClCompile Include="PLAYER\Container\PlayerContainer.cpp">
      <Filter>Player\Container</Filter>
    </ClCompile>
    <ClCompile Include="PLAYER\Container\Character\ACGameStock.cpp">
      <Filter>Player\Container\Character</Filter>
    </ClCompile>
    <ClCompile Include="PLAYER\Container\Character\Character.cpp">
      <Filter>Player\Container\Character</Filter>
    </ClCompile>
    <ClCompile Include="PLAYER\Container\Character\TankGameStock.cpp">
      <Filter>Player\Container\Character</Filter>
    </ClCompile>
    <ClCompile Include="Server\GSJGServer.cpp">
      <Filter>Server</Filter>
    </ClCompile>
    <ClCompile Include="Server\GSJGPlayerProcess.cpp">
      <Filter>Server</Filter>
    </ClCompile>
    <ClCompile Include="Server\GSJGServerProcess.cpp">
      <Filter>Server</Filter>
    </ClCompile>
    <ClCompile Include="PLAYER\Message\MSG_PLAYER_QUERY.cpp">
      <Filter>Player\MSG</Filter>
    </ClCompile>
    <ClCompile Include="PLAYER\Message\MSG_PLAYER_QUERY_RES.cpp">
      <Filter>Player\MSG</Filter>
    </ClCompile>
    <ClCompile Include="ServerAgent\GSServerAgent.cpp">
      <Filter>ServerAgent</Filter>
    </ClCompile>
  </ItemGroup>
</Project>