<?xml version="1.0" encoding="utf-8"?>
<Project ToolsVersion="4.0" xmlns="http://schemas.microsoft.com/developer/msbuild/2003">
  <ItemGroup>
    <Filter Include="소스 파일">
      <UniqueIdentifier>{4FC737F1-C7A5-4376-A066-2A32D752A2FF}</UniqueIdentifier>
      <Extensions>cpp;c;cc;cxx;def;odl;idl;hpj;bat;asm;asmx</Extensions>
    </Filter>
    <Filter Include="헤더 파일">
      <UniqueIdentifier>{93995380-89BD-4b04-88EB-625FBE52EBFB}</UniqueIdentifier>
      <Extensions>h;hpp;hxx;hm;inl;inc;xsd</Extensions>
    </Filter>
    <Filter Include="리소스 파일">
      <UniqueIdentifier>{67DA6AB6-F800-4c08-8B7A-83BB121AAD01}</UniqueIdentifier>
      <Extensions>rc;ico;cur;bmp;dlg;rc2;rct;bin;rgs;gif;jpg;jpeg;jpe;resx;tiff;tif;png;wav;mfcribbon-ms</Extensions>
    </Filter>
  </ItemGroup>
  <ItemGroup>
    <ClInclude Include="mongo\client\dbclientinterface.h">
      <Filter>헤더 파일</Filter>
    </ClInclude>
    <ClInclude Include="mongo\db\btree.h">
      <Filter>헤더 파일</Filter>
    </ClInclude>
    <ClInclude Include="mongo\db\queryutil.h">
      <Filter>헤더 파일</Filter>
    </ClInclude>
    <ClInclude Include="mongo\db\queryoptimizer.h">
      <Filter>헤더 파일</Filter>
    </ClInclude>
    <ClInclude Include="mongo\bson\bsonobjbuilder.h">
      <Filter>헤더 파일</Filter>
    </ClInclude>
    <ClInclude Include="mongo\bson\bson-inl.h">
      <Filter>헤더 파일</Filter>
    </ClInclude>
    <ClInclude Include="mongo\client\dbclient_rs.h">
      <Filter>헤더 파일</Filter>
    </ClInclude>
    <ClInclude Include="mongo\db\namespace_details.h">
      <Filter>헤더 파일</Filter>
    </ClInclude>
    <ClInclude Include="mongo\db\ops\update_internal.h">
      <Filter>헤더 파일</Filter>
    </ClInclude>
    <ClInclude Include="mongo\db\repl\rs.h">
      <Filter>헤더 파일</Filter>
    </ClInclude>
    <ClInclude Include="mongo\db\pdfile.h">
      <Filter>헤더 파일</Filter>
    </ClInclude>
    <ClInclude Include="mongo\scripting\engine_v8.h">
      <Filter>헤더 파일</Filter>
    </ClInclude>
    <ClInclude Include="mongo\bson\bsonelement.h">
      <Filter>헤더 파일</Filter>
    </ClInclude>
    <ClInclude Include="mongo\bson\bsonobj.h">
      <Filter>헤더 파일</Filter>
    </ClInclude>
    <ClInclude Include="mongo\util\concurrency\shared_mutex_win.hpp">
      <Filter>헤더 파일</Filter>
    </ClInclude>
    <ClInclude Include="mongo\s\chunk.h">
      <Filter>헤더 파일</Filter>
    </ClInclude>
    <ClInclude Include="mongo\db\clientcursor.h">
      <Filter>헤더 파일</Filter>
    </ClInclude>
    <ClInclude Include="mongo\util\log.h">
      <Filter>헤더 파일</Filter>
    </ClInclude>
    <ClInclude Include="mongo\db\ops\query.h">
      <Filter>헤더 파일</Filter>
    </ClInclude>
    <ClInclude Include="mongo\client\parallel.h">
      <Filter>헤더 파일</Filter>
    </ClInclude>
    <ClInclude Include="mongo\db\json.h">
      <Filter>헤더 파일</Filter>
    </ClInclude>
    <ClInclude Include="mongo\scripting\bench.h">
      <Filter>헤더 파일</Filter>
    </ClInclude>
    <ClInclude Include="mongo\db\cursor.h">
      <Filter>헤더 파일</Filter>
    </ClInclude>
    <ClInclude Include="mongo\db\matcher.h">
      <Filter>헤더 파일</Filter>
    </ClInclude>
    <ClInclude Include="mongo\client\distlock.h">
      <Filter>헤더 파일</Filter>
    </ClInclude>
    <ClInclude Include="mongo\util\scopeguard.h">
      <Filter>헤더 파일</Filter>
    </ClInclude>
    <ClInclude Include="mongo\s\chunk_diff.hpp">
      <Filter>헤더 파일</Filter>
    </ClInclude>
    <ClInclude Include="mongo\bson\util\builder.h">
      <Filter>헤더 파일</Filter>
    </ClInclude>
    <ClInclude Include="mongo\client\connpool.h">
      <Filter>헤더 파일</Filter>
    </ClInclude>
    <ClInclude Include="mongo\db\queryoptimizercursorimpl.h">
      <Filter>헤더 파일</Filter>
    </ClInclude>
    <ClInclude Include="mongo\util\assert_util.h">
      <Filter>헤더 파일</Filter>
    </ClInclude>
    <ClInclude Include="mongo\db\index.h">
      <Filter>헤더 파일</Filter>
    </ClInclude>
    <ClInclude Include="mongo\util\concurrency\qlock.h">
      <Filter>헤더 파일</Filter>
    </ClInclude>
    <ClInclude Include="mongo\db\repl\rs_config.h">
      <Filter>헤더 파일</Filter>
    </ClInclude>
    <ClInclude Include="mongo\scripting\engine_spidermonkey_internal.h">
      <Filter>헤더 파일</Filter>
    </ClInclude>
    <ClInclude Include="mongo\db\btreecursor.h">
      <Filter>헤더 파일</Filter>
    </ClInclude>
    <ClInclude Include="mongo\db\auth\authorization_manager.h">
      <Filter>헤더 파일</Filter>
    </ClInclude>
    <ClInclude Include="mongo\s\chunk_version.h">
      <Filter>헤더 파일</Filter>
    </ClInclude>
    <ClInclude Include="mongo\s\shard.h">
      <Filter>헤더 파일</Filter>
    </ClInclude>
    <ClInclude Include="mongo\db\curop.h">
      <Filter>헤더 파일</Filter>
    </ClInclude>
    <ClInclude Include="mongo\s\d_logic.h">
      <Filter>헤더 파일</Filter>
    </ClInclude>
    <ClInclude Include="mongo\db\dur.h">
      <Filter>헤더 파일</Filter>
    </ClInclude>
    <ClInclude Include="mongo\util\mmap.h">
      <Filter>헤더 파일</Filter>
    </ClInclude>
    <ClInclude Include="mongo\util\net\message.h">
      <Filter>헤더 파일</Filter>
    </ClInclude>
    <ClInclude Include="mongo\s\type_collection.h">
      <Filter>헤더 파일</Filter>
    </ClInclude>
    <ClInclude Include="mongo\scripting\engine.h">
      <Filter>헤더 파일</Filter>
    </ClInclude>
    <ClInclude Include="mongo\db\indexkey.h">
      <Filter>헤더 파일</Filter>
    </ClInclude>
    <ClInclude Include="mongo\s\type_settings.h">
      <Filter>헤더 파일</Filter>
    </ClInclude>
    <ClInclude Include="mongo\bson\bsonmisc.h">
      <Filter>헤더 파일</Filter>
    </ClInclude>
    <ClInclude Include="mongo\db\keypattern.h">
      <Filter>헤더 파일</Filter>
    </ClInclude>
    <ClInclude Include="mongo\client\dbclientcursor.h">
      <Filter>헤더 파일</Filter>
    </ClInclude>
    <ClInclude Include="mongo\db\auth\action_type.h">
      <Filter>헤더 파일</Filter>
    </ClInclude>
    <ClInclude Include="mongo\db\commands.h">
      <Filter>헤더 파일</Filter>
    </ClInclude>
    <ClInclude Include="mongo\db\dbmessage.h">
      <Filter>헤더 파일</Filter>
    </ClInclude>
    <ClInclude Include="mongo\db\client.h">
      <Filter>헤더 파일</Filter>
    </ClInclude>
    <ClInclude Include="mongo\shell\linenoise_utf8.h">
      <Filter>헤더 파일</Filter>
    </ClInclude>
    <ClInclude Include="mongo\base\init.h">
      <Filter>헤더 파일</Filter>
    </ClInclude>
    <ClInclude Include="mongo\db\cmdline.h">
      <Filter>헤더 파일</Filter>
    </ClInclude>
    <ClInclude Include="mongo\platform\atomic_intrinsics_win32.h">
      <Filter>헤더 파일</Filter>
    </ClInclude>
    <ClInclude Include="mongo\util\unordered_fast_key_table_internal.h">
      <Filter>헤더 파일</Filter>
    </ClInclude>
    <ClInclude Include="mongo\db\dur_commitjob.h">
      <Filter>헤더 파일</Filter>
    </ClInclude>
    <ClInclude Include="mongo\util\descriptive_stats-inl.h">
      <Filter>헤더 파일</Filter>
    </ClInclude>
    <ClInclude Include="mongo\s\type_config_version.h">
      <Filter>헤더 파일</Filter>
    </ClInclude>
    <ClInclude Include="mongo\s\config.h">
      <Filter>헤더 파일</Filter>
    </ClInclude>
    <ClInclude Include="mongo\util\concurrency\rwlock.h">
      <Filter>헤더 파일</Filter>
    </ClInclude>
    <ClInclude Include="mongo\db\d_concurrency.h">
      <Filter>헤더 파일</Filter>
    </ClInclude>
    <ClInclude Include="mongo\util\net\sock.h">
      <Filter>헤더 파일</Filter>
    </ClInclude>
    <ClInclude Include="mongo\util\mongoutils\str.h">
      <Filter>헤더 파일</Filter>
    </ClInclude>
    <ClInclude Include="mongo\s\type_changelog.h">
      <Filter>헤더 파일</Filter>
    </ClInclude>
    <ClInclude Include="mongo\s\type_locks.h">
      <Filter>헤더 파일</Filter>
    </ClInclude>
    <ClInclude Include="mongo\s\type_chunk.h">
      <Filter>헤더 파일</Filter>
    </ClInclude>
    <ClInclude Include="mongo\s\d_chunk_manager.h">
      <Filter>헤더 파일</Filter>
    </ClInclude>
    <ClInclude Include="mongo\util\descriptive_stats.h">
      <Filter>헤더 파일</Filter>
    </ClInclude>
    <ClInclude Include="mongo\s\type_mongos.h">
      <Filter>헤더 파일</Filter>
    </ClInclude>
    <ClInclude Include="mongo\db\namespacestring.h">
      <Filter>헤더 파일</Filter>
    </ClInclude>
    <ClInclude Include="mongo\util\fail_point.h">
      <Filter>헤더 파일</Filter>
    </ClInclude>
    <ClInclude Include="mongo\s\stale_exception.h">
      <Filter>헤더 파일</Filter>
    </ClInclude>
    <ClInclude Include="mongo\db\dur_journalformat.h">
      <Filter>헤더 파일</Filter>
    </ClInclude>
    <ClInclude Include="mongo\util\goodies.h">
      <Filter>헤더 파일</Filter>
    </ClInclude>
    <ClInclude Include="mongo\s\balancer_policy.h">
      <Filter>헤더 파일</Filter>
    </ClInclude>
    <ClInclude Include="mongo\scripting\bson_template_evaluator.h">
      <Filter>헤더 파일</Filter>
    </ClInclude>
    <ClInclude Include="mongo\db\explain.h">
      <Filter>헤더 파일</Filter>
    </ClInclude>
    <ClInclude Include="mongo\db\dbhelpers.h">
      <Filter>헤더 파일</Filter>
    </ClInclude>
    <ClInclude Include="mongo\s\collection_manager.h">
      <Filter>헤더 파일</Filter>
    </ClInclude>
    <ClInclude Include="mongo\scripting\v8_deadline_monitor.h">
      <Filter>헤더 파일</Filter>
    </ClInclude>
    <ClInclude Include="mongo\s\type_shard.h">
      <Filter>헤더 파일</Filter>
    </ClInclude>
    <ClInclude Include="mongo\db\repl.h">
      <Filter>헤더 파일</Filter>
    </ClInclude>
    <ClInclude Include="mongo\util\mongoutils\html.h">
      <Filter>헤더 파일</Filter>
    </ClInclude>
    <ClInclude Include="mongo\s\chunk_diff.h">
      <Filter>헤더 파일</Filter>
    </ClInclude>
    <ClInclude Include="mongo\util\concurrency\mutex.h">
      <Filter>헤더 파일</Filter>
    </ClInclude>
    <ClInclude Include="mongo\s\config_upgrade.h">
      <Filter>헤더 파일</Filter>
    </ClInclude>
    <ClInclude Include="mongo\db\diskloc.h">
      <Filter>헤더 파일</Filter>
    </ClInclude>
    <ClInclude Include="mongo\db\queryoptimizercursor.h">
      <Filter>헤더 파일</Filter>
    </ClInclude>
    <ClInclude Include="mongo\client\sasl_client_authenticate.h">
      <Filter>헤더 파일</Filter>
    </ClInclude>
    <ClInclude Include="mongo\db\repl\rs_sync.h">
      <Filter>헤더 파일</Filter>
    </ClInclude>
    <ClInclude Include="mongo\s\shardkey.h">
      <Filter>헤더 파일</Filter>
    </ClInclude>
    <ClInclude Include="mongo\util\unordered_fast_key_table.h">
      <Filter>헤더 파일</Filter>
    </ClInclude>
    <ClInclude Include="mongo\util\concurrency\rwlockimpl.h">
      <Filter>헤더 파일</Filter>
    </ClInclude>
    <ClInclude Include="mongo\client\syncclusterconnection.h">
      <Filter>헤더 파일</Filter>
    </ClInclude>
    <ClInclude Include="mongo\client\gridfs.h">
      <Filter>헤더 파일</Filter>
    </ClInclude>
    <ClInclude Include="mongo\client\sasl_client_session.h">
      <Filter>헤더 파일</Filter>
    </ClInclude>
    <ClInclude Include="mongo\base\string_data.h">
      <Filter>헤더 파일</Filter>
    </ClInclude>
    <ClInclude Include="mongo\db\repl\connections.h">
      <Filter>헤더 파일</Filter>
    </ClInclude>
    <ClInclude Include="mongo\s\grid.h">
      <Filter>헤더 파일</Filter>
    </ClInclude>
    <ClInclude Include="mongo\bson\oid.h">
      <Filter>헤더 파일</Filter>
    </ClInclude>
    <ClInclude Include="mongo\db\ops\modifier_base.h">
      <Filter>헤더 파일</Filter>
    </ClInclude>
    <ClInclude Include="mongo\db\intervalbtreecursor.h">
      <Filter>헤더 파일</Filter>
    </ClInclude>
    <ClInclude Include="mongo\db\auth\privilege_set.h">
      <Filter>헤더 파일</Filter>
    </ClInclude>
    <ClInclude Include="mongo\db\oplog.h">
      <Filter>헤더 파일</Filter>
    </ClInclude>
    <ClInclude Include="mongo\util\queue.h">
      <Filter>헤더 파일</Filter>
    </ClInclude>
    <ClInclude Include="mongo\platform\atomic_word.h">
      <Filter>헤더 파일</Filter>
    </ClInclude>
    <ClInclude Include="mongo\platform\atomic_intrinsics_gcc.h">
      <Filter>헤더 파일</Filter>
    </ClInclude>
    <ClInclude Include="mongo\util\safe_num.h">
      <Filter>헤더 파일</Filter>
    </ClInclude>
    <ClInclude Include="mongo\scripting\v8_db.h">
      <Filter>헤더 파일</Filter>
    </ClInclude>
    <ClInclude Include="mongo\s\type_database.h">
      <Filter>헤더 파일</Filter>
    </ClInclude>
    <ClInclude Include="mongo\s\type_tags.h">
      <Filter>헤더 파일</Filter>
    </ClInclude>
    <ClInclude Include="mongo\util\concurrency\mutexdebugger.h">
      <Filter>헤더 파일</Filter>
    </ClInclude>
    <ClInclude Include="mongo\db\cloner.h">
      <Filter>헤더 파일</Filter>
    </ClInclude>
    <ClInclude Include="mongo\util\hashtab.h">
      <Filter>헤더 파일</Filter>
    </ClInclude>
    <ClInclude Include="mongo\db\repl\rs_member.h">
      <Filter>헤더 파일</Filter>
    </ClInclude>
    <ClInclude Include="mongo\s\field_parser.h">
      <Filter>헤더 파일</Filter>
    </ClInclude>
    <ClInclude Include="mongo\base\initializer_dependency_graph.h">
      <Filter>헤더 파일</Filter>
    </ClInclude>
    <ClInclude Include="mongo\util\net\hostandport.h">
      <Filter>헤더 파일</Filter>
    </ClInclude>
    <ClInclude Include="mongo\bson\bsonobjiterator.h">
      <Filter>헤더 파일</Filter>
    </ClInclude>
    <ClInclude Include="mongo\db\hashindex.h">
      <Filter>헤더 파일</Filter>
    </ClInclude>
    <ClInclude Include="mongo\db\server_parameters.h">
      <Filter>헤더 파일</Filter>
    </ClInclude>
    <ClInclude Include="mongo\util\processinfo.h">
      <Filter>헤더 파일</Filter>
    </ClInclude>
    <ClInclude Include="mongo\db\database.h">
      <Filter>헤더 파일</Filter>
    </ClInclude>
    <ClInclude Include="mongo\base\configuration_variable_manager.h">
      <Filter>헤더 파일</Filter>
    </ClInclude>
    <ClInclude Include="mongo\db\queryutil-inl.h">
      <Filter>헤더 파일</Filter>
    </ClInclude>
    <ClInclude Include="mongo\db\projection.h">
      <Filter>헤더 파일</Filter>
    </ClInclude>
    <ClInclude Include="mongo\db\mongommf.h">
      <Filter>헤더 파일</Filter>
    </ClInclude>
    <ClInclude Include="mongo\s\client_info.h">
      <Filter>헤더 파일</Filter>
    </ClInclude>
    <ClInclude Include="mongo\util\optime.h">
      <Filter>헤더 파일</Filter>
    </ClInclude>
    <ClInclude Include="mongo\base\status.h">
      <Filter>헤더 파일</Filter>
    </ClInclude>
    <ClInclude Include="mongo\db\oplogreader.h">
      <Filter>헤더 파일</Filter>
    </ClInclude>
    <ClInclude Include="mongo\util\background.h">
      <Filter>헤더 파일</Filter>
    </ClInclude>
    <ClInclude Include="mongo\db\lockstate.h">
      <Filter>헤더 파일</Filter>
    </ClInclude>
    <ClInclude Include="mongo\db\repl\bgsync.h">
      <Filter>헤더 파일</Filter>
    </ClInclude>
    <ClInclude Include="mongo\util\net\listen.h">
      <Filter>헤더 파일</Filter>
    </ClInclude>
    <ClInclude Include="mongo\util\net\message_port.h">
      <Filter>헤더 파일</Filter>
    </ClInclude>
    <ClInclude Include="mongo\util\concurrency\threadlocal.h">
      <Filter>헤더 파일</Filter>
    </ClInclude>
    <ClInclude Include="mongo\s\type_lockpings.h">
      <Filter>헤더 파일</Filter>
    </ClInclude>
    <ClInclude Include="mongo\util\paths.h">
      <Filter>헤더 파일</Filter>
    </ClInclude>
    <ClInclude Include="mongo\db\minilex.h">
      <Filter>헤더 파일</Filter>
    </ClInclude>
    <ClInclude Include="mongo\bson\bsontypes.h">
      <Filter>헤더 파일</Filter>
    </ClInclude>
    <ClInclude Include="mongo\db\instance.h">
      <Filter>헤더 파일</Filter>
    </ClInclude>
    <ClInclude Include="mongo\util\intrusive_counter.h">
      <Filter>헤더 파일</Filter>
    </ClInclude>
    <ClInclude Include="mongo\s\field_parser-inl.h">
      <Filter>헤더 파일</Filter>
    </ClInclude>
    <ClInclude Include="mongo\db\databaseholder.h">
      <Filter>헤더 파일</Filter>
    </ClInclude>
    <ClInclude Include="mongo\db\key.h">
      <Filter>헤더 파일</Filter>
    </ClInclude>
    <ClInclude Include="mongo\s\metadata_loader.h">
      <Filter>헤더 파일</Filter>
    </ClInclude>
    <ClInclude Include="mongo\db\lasterror.h">
      <Filter>헤더 파일</Filter>
    </ClInclude>
    <ClInclude Include="mongo\util\net\ssl_manager.h">
      <Filter>헤더 파일</Filter>
    </ClInclude>
    <ClInclude Include="mongo\db\querypattern.h">
      <Filter>헤더 파일</Filter>
    </ClInclude>
    <ClInclude Include="mongo\db\index_update.h">
      <Filter>헤더 파일</Filter>
    </ClInclude>
    <ClInclude Include="mongo\scripting\v8_utils.h">
      <Filter>헤더 파일</Filter>
    </ClInclude>
    <ClInclude Include="mongo\db\ops\update.h">
      <Filter>헤더 파일</Filter>
    </ClInclude>
    <ClInclude Include="mongo\db\extsort.h">
      <Filter>헤더 파일</Filter>
    </ClInclude>
    <ClInclude Include="mongo\db\field_ref.h">
      <Filter>헤더 파일</Filter>
    </ClInclude>
    <ClInclude Include="mongo\shell\shell_utils_launcher.h">
      <Filter>헤더 파일</Filter>
    </ClInclude>
    <ClInclude Include="mongo\bson\util\atomic_int.h">
      <Filter>헤더 파일</Filter>
    </ClInclude>
    <ClInclude Include="mongo\db\scanandorder.h">
      <Filter>헤더 파일</Filter>
    </ClInclude>
    <ClInclude Include="mongo\bson\util\bson_extract.h">
      <Filter>헤더 파일</Filter>
    </ClInclude>
    <ClInclude Include="mongo\db\auth\principal_set.h">
      <Filter>헤더 파일</Filter>
    </ClInclude>
    <ClInclude Include="mongo\db\taskqueue.h">
      <Filter>헤더 파일</Filter>
    </ClInclude>
    <ClInclude Include="mongo\s\cursors.h">
      <Filter>헤더 파일</Filter>
    </ClInclude>
    <ClInclude Include="mongo\util\alignedbuilder.h">
      <Filter>헤더 파일</Filter>
    </ClInclude>
    <ClInclude Include="mongo\db\durop.h">
      <Filter>헤더 파일</Filter>
    </ClInclude>
    <ClInclude Include="mongo\db\btreeposition.h">
      <Filter>헤더 파일</Filter>
    </ClInclude>
    <ClInclude Include="mongo\s\balance.h">
      <Filter>헤더 파일</Filter>
    </ClInclude>
    <ClInclude Include="mongo\base\string_data-inl.h">
      <Filter>헤더 파일</Filter>
    </ClInclude>
    <ClInclude Include="mongo\util\histogram.h">
      <Filter>헤더 파일</Filter>
    </ClInclude>
    <ClInclude Include="mongo\bson\bson_field.h">
      <Filter>헤더 파일</Filter>
    </ClInclude>
    <ClInclude Include="mongo\db\namespace_details-inl.h">
      <Filter>헤더 파일</Filter>
    </ClInclude>
    <ClInclude Include="mongo\base\initializer.h">
      <Filter>헤더 파일</Filter>
    </ClInclude>
    <ClInclude Include="mongo\util\progress_meter.h">
      <Filter>헤더 파일</Filter>
    </ClInclude>
    <ClInclude Include="mongo\s\cluster_client_internal.h">
      <Filter>헤더 파일</Filter>
    </ClInclude>
    <ClInclude Include="mongo\util\md5.h">
      <Filter>헤더 파일</Filter>
    </ClInclude>
    <ClInclude Include="mongo\db\hasher.h">
      <Filter>헤더 파일</Filter>
    </ClInclude>
    <ClInclude Include="mongo\util\concurrency\mvar.h">
      <Filter>헤더 파일</Filter>
    </ClInclude>
    <ClInclude Include="mongo\bson\bson_db.h">
      <Filter>헤더 파일</Filter>
    </ClInclude>
    <ClInclude Include="mongo\s\d_writeback.h">
      <Filter>헤더 파일</Filter>
    </ClInclude>
    <ClInclude Include="mongo\db\jsobjmanipulator.h">
      <Filter>헤더 파일</Filter>
    </ClInclude>
    <ClInclude Include="mongo\bson\bson.h">
      <Filter>헤더 파일</Filter>
    </ClInclude>
    <ClInclude Include="mongo\db\dur_journalimpl.h">
      <Filter>헤더 파일</Filter>
    </ClInclude>
    <ClInclude Include="mongo\shell\mk_wcwidth.h">
      <Filter>헤더 파일</Filter>
    </ClInclude>
    <ClInclude Include="mongo\util\embedded_builder.h">
      <Filter>헤더 파일</Filter>
    </ClInclude>
    <ClInclude Include="mongo\db\auth\auth_external_state.h">
      <Filter>헤더 파일</Filter>
    </ClInclude>
    <ClInclude Include="mongo\util\concurrency\thread_pool.h">
      <Filter>헤더 파일</Filter>
    </ClInclude>
    <ClInclude Include="mongo\db\db.h">
      <Filter>헤더 파일</Filter>
    </ClInclude>
    <ClInclude Include="mongo\util\text.h">
      <Filter>헤더 파일</Filter>
    </ClInclude>
    <ClInclude Include="mongo\util\time_support.h">
      <Filter>헤더 파일</Filter>
    </ClInclude>
    <ClInclude Include="mongo\bson\util\misc.h">
      <Filter>헤더 파일</Filter>
    </ClInclude>
    <ClInclude Include="mongo\util\timer.h">
      <Filter>헤더 파일</Filter>
    </ClInclude>
    <ClInclude Include="mongo\util\concurrency\ticketholder.h">
      <Filter>헤더 파일</Filter>
    </ClInclude>
    <ClInclude Include="mongo\util\bufreader.h">
      <Filter>헤더 파일</Filter>
    </ClInclude>
    <ClInclude Include="mongo\s\writeback_listener.h">
      <Filter>헤더 파일</Filter>
    </ClInclude>
    <ClInclude Include="mongo\db\stats\snapshots.h">
      <Filter>헤더 파일</Filter>
    </ClInclude>
    <ClInclude Include="mongo\scripting\engine_spidermonkey.h">
      <Filter>헤더 파일</Filter>
    </ClInclude>
    <ClInclude Include="mongo\s\config_upgrade_helpers.h">
      <Filter>헤더 파일</Filter>
    </ClInclude>
    <ClInclude Include="mongo\util\array.h">
      <Filter>헤더 파일</Filter>
    </ClInclude>
    <ClInclude Include="mongo\db\dur_recover.h">
      <Filter>헤더 파일</Filter>
    </ClInclude>
    <ClInclude Include="mongo\db\kill_current_op.h">
      <Filter>헤더 파일</Filter>
    </ClInclude>
    <ClInclude Include="mongo\util\file_allocator.h">
      <Filter>헤더 파일</Filter>
    </ClInclude>
    <ClInclude Include="mongo\util\ntservice.h">
      <Filter>헤더 파일</Filter>
    </ClInclude>
    <ClInclude Include="mongo\util\concurrency\race.h">
      <Filter>헤더 파일</Filter>
    </ClInclude>
    <ClInclude Include="mongo\db\stats\counters.h">
      <Filter>헤더 파일</Filter>
    </ClInclude>
    <ClInclude Include="mongo\db\dbwebserver.h">
      <Filter>헤더 파일</Filter>
    </ClInclude>
    <ClInclude Include="mongo\util\concurrency\list.h">
      <Filter>헤더 파일</Filter>
    </ClInclude>
    <ClInclude Include="mongo\base\error_codes.h">
      <Filter>헤더 파일</Filter>
    </ClInclude>
    <ClInclude Include="mongo\util\concurrency\value.h">
      <Filter>헤더 파일</Filter>
    </ClInclude>
    <ClInclude Include="mongo\db\namespace-inl.h">
      <Filter>헤더 파일</Filter>
    </ClInclude>
    <ClInclude Include="mongo\db\stats\top.h">
      <Filter>헤더 파일</Filter>
    </ClInclude>
    <ClInclude Include="mongo\db\auth\principal.h">
      <Filter>헤더 파일</Filter>
    </ClInclude>
    <ClInclude Include="mongo\db\auth\principal_name.h">
      <Filter>헤더 파일</Filter>
    </ClInclude>
    <ClInclude Include="mongo\s\request.h">
      <Filter>헤더 파일</Filter>
    </ClInclude>
    <ClInclude Include="mongo\shell\linenoise.h">
      <Filter>헤더 파일</Filter>
    </ClInclude>
    <ClInclude Include="mongo\db\server_parameters_inline.h">
      <Filter>헤더 파일</Filter>
    </ClInclude>
    <ClInclude Include="mongo\util\concurrency\synchronization.h">
      <Filter>헤더 파일</Filter>
    </ClInclude>
    <ClInclude Include="mongo\db\client_basic.h">
      <Filter>헤더 파일</Filter>
    </ClInclude>
    <ClInclude Include="mongo\db\dur_journal.h">
      <Filter>헤더 파일</Filter>
    </ClInclude>
    <ClInclude Include="mongo\util\stringutils.h">
      <Filter>헤더 파일</Filter>
    </ClInclude>
    <ClInclude Include="mongo\db\dur_stats.h">
      <Filter>헤더 파일</Filter>
    </ClInclude>
    <ClInclude Include="mongo\util\concurrency\task.h">
      <Filter>헤더 파일</Filter>
    </ClInclude>
    <ClInclude Include="mongo\util\concurrency\mapsf.h">
      <Filter>헤더 파일</Filter>
    </ClInclude>
    <ClInclude Include="mongo\db\replutil.h">
      <Filter>헤더 파일</Filter>
    </ClInclude>
    <ClInclude Include="mongo\client\redef_macros.h">
      <Filter>헤더 파일</Filter>
    </ClInclude>
    <ClInclude Include="mongo\db\memconcept.h">
      <Filter>헤더 파일</Filter>
    </ClInclude>
    <ClInclude Include="mongo\db\repl\multicmd.h">
      <Filter>헤더 파일</Filter>
    </ClInclude>
    <ClInclude Include="mongo\platform\compiler_gcc.h">
      <Filter>헤더 파일</Filter>
    </ClInclude>
    <ClInclude Include="mongo\bson\ordering.h">
      <Filter>헤더 파일</Filter>
    </ClInclude>
    <ClInclude Include="mongo\s\strategy.h">
      <Filter>헤더 파일</Filter>
    </ClInclude>
    <ClInclude Include="mongo\util\hex.h">
      <Filter>헤더 파일</Filter>
    </ClInclude>
    <ClInclude Include="mongo\platform\compiler_msvc.h">
      <Filter>헤더 파일</Filter>
    </ClInclude>
    <ClInclude Include="mongo\db\interrupt_status.h">
      <Filter>헤더 파일</Filter>
    </ClInclude>
    <ClInclude Include="mongo\util\concurrency\spin_lock.h">
      <Filter>헤더 파일</Filter>
    </ClInclude>
    <ClInclude Include="mongo\db\cc_by_loc.h">
      <Filter>헤더 파일</Filter>
    </ClInclude>
    <ClInclude Include="mongo\db\index_insertion_continuation.h">
      <Filter>헤더 파일</Filter>
    </ClInclude>
    <ClInclude Include="mongo\pch.h">
      <Filter>헤더 파일</Filter>
    </ClInclude>
    <ClInclude Include="mongo\util\trace.h">
      <Filter>헤더 파일</Filter>
    </ClInclude>
    <ClInclude Include="mongo\db\namespace.h">
      <Filter>헤더 파일</Filter>
    </ClInclude>
    <ClInclude Include="mongo\db\stats\fine_clock.h">
      <Filter>헤더 파일</Filter>
    </ClInclude>
    <ClInclude Include="mongo\db\module.h">
      <Filter>헤더 파일</Filter>
    </ClInclude>
    <ClInclude Include="mongo\db\pagefault.h">
      <Filter>헤더 파일</Filter>
    </ClInclude>
    <ClInclude Include="mongo\db\auth\action_set.h">
      <Filter>헤더 파일</Filter>
    </ClInclude>
    <ClInclude Include="mongo\db\stats\timer_stats.h">
      <Filter>헤더 파일</Filter>
    </ClInclude>
    <ClInclude Include="mongo\base\parse_number.h">
      <Filter>헤더 파일</Filter>
    </ClInclude>
    <ClInclude Include="mongo\util\lruishmap.h">
      <Filter>헤더 파일</Filter>
    </ClInclude>
    <ClInclude Include="mongo\shell\shell_utils.h">
      <Filter>헤더 파일</Filter>
    </ClInclude>
    <ClInclude Include="mongo\util\base64.h">
      <Filter>헤더 파일</Filter>
    </ClInclude>
    <ClInclude Include="mongo\util\checksum.h">
      <Filter>헤더 파일</Filter>
    </ClInclude>
    <ClInclude Include="mongo\db\btreebuilder.h">
      <Filter>헤더 파일</Filter>
    </ClInclude>
    <ClInclude Include="mongo\util\ramlog.h">
      <Filter>헤더 파일</Filter>
    </ClInclude>
    <ClInclude Include="mongo\bson\bson_builder_base.h">
      <Filter>헤더 파일</Filter>
    </ClInclude>
    <ClInclude Include="mongo\db\repl\health.h">
      <Filter>헤더 파일</Filter>
    </ClInclude>
    <ClInclude Include="mongo\db\btree_stats.h">
      <Filter>헤더 파일</Filter>
    </ClInclude>
    <ClInclude Include="mongo\s\mongo_version_range.h">
      <Filter>헤더 파일</Filter>
    </ClInclude>
    <ClInclude Include="mongo\db\background.h">
      <Filter>헤더 파일</Filter>
    </ClInclude>
    <ClInclude Include="mongo\util\net\miniwebserver.h">
      <Filter>헤더 파일</Filter>
    </ClInclude>
    <ClInclude Include="mongo\platform\atomic_intrinsics.h">
      <Filter>헤더 파일</Filter>
    </ClInclude>
    <ClInclude Include="mongo\util\debug_util.h">
      <Filter>헤더 파일</Filter>
    </ClInclude>
    <ClInclude Include="mongo\util\net\message_server.h">
      <Filter>헤더 파일</Filter>
    </ClInclude>
    <ClInclude Include="mongo\util\string_map.h">
      <Filter>헤더 파일</Filter>
    </ClInclude>
    <ClInclude Include="mongo\util\net\httpclient.h">
      <Filter>헤더 파일</Filter>
    </ClInclude>
    <ClInclude Include="mongo\server.h">
      <Filter>헤더 파일</Filter>
    </ClInclude>
    <ClInclude Include="mongo\util\password.h">
      <Filter>헤더 파일</Filter>
    </ClInclude>
    <ClInclude Include="mongo\util\concurrency\simplerwlock.h">
      <Filter>헤더 파일</Filter>
    </ClInclude>
    <ClInclude Include="mongo\util\fail_point_registry.h">
      <Filter>헤더 파일</Filter>
    </ClInclude>
    <ClInclude Include="mongo\client\undef_macros.h">
      <Filter>헤더 파일</Filter>
    </ClInclude>
    <ClInclude Include="mongo\db\stats\service_stats.h">
      <Filter>헤더 파일</Filter>
    </ClInclude>
    <ClInclude Include="mongo\util\logfile.h">
      <Filter>헤더 파일</Filter>
    </ClInclude>
    <ClInclude Include="mongo\util\concurrency\msg.h">
      <Filter>헤더 파일</Filter>
    </ClInclude>
    <ClInclude Include="mongo\base\initializer_context.h">
      <Filter>헤더 파일</Filter>
    </ClInclude>
    <ClInclude Include="mongo\base\owned_pointer_vector.h">
      <Filter>헤더 파일</Filter>
    </ClInclude>
    <ClInclude Include="mongo\client\model.h">
      <Filter>헤더 파일</Filter>
    </ClInclude>
    <ClInclude Include="mongo\base\owned_pointer_map.h">
      <Filter>헤더 파일</Filter>
    </ClInclude>
    <ClInclude Include="mongo\util\startup_test.h">
      <Filter>헤더 파일</Filter>
    </ClInclude>
    <ClInclude Include="mongo\util\md5.hpp">
      <Filter>헤더 파일</Filter>
    </ClInclude>
    <ClInclude Include="mongo\bson\inline_decls.h">
      <Filter>헤더 파일</Filter>
    </ClInclude>
    <ClInclude Include="mongo\util\admin_access.h">
      <Filter>헤더 파일</Filter>
    </ClInclude>
    <ClInclude Include="mongo\platform\bits.h">
      <Filter>헤더 파일</Filter>
    </ClInclude>
    <ClInclude Include="mongo\db\auth\privilege.h">
      <Filter>헤더 파일</Filter>
    </ClInclude>
    <ClInclude Include="mongo\db\auth\auth_external_state_mock.h">
      <Filter>헤더 파일</Filter>
    </ClInclude>
    <ClInclude Include="mongo\util\version.h">
      <Filter>헤더 파일</Filter>
    </ClInclude>
    <ClInclude Include="mongo\base\make_string_vector.h">
      <Filter>헤더 파일</Filter>
    </ClInclude>
    <ClInclude Include="mongo\base\global_initializer_registerer.h">
      <Filter>헤더 파일</Filter>
    </ClInclude>
    <ClInclude Include="mongo\db\auth\authentication_session.h">
      <Filter>헤더 파일</Filter>
    </ClInclude>
    <ClInclude Include="mongo\db\index_rebuilder.h">
      <Filter>헤더 파일</Filter>
    </ClInclude>
    <ClInclude Include="mongo\db\auth\auth_external_state_server_common.h">
      <Filter>헤더 파일</Filter>
    </ClInclude>
    <ClInclude Include="mongo\util\file.h">
      <Filter>헤더 파일</Filter>
    </ClInclude>
    <ClInclude Include="mongo\util\timer-inl.h">
      <Filter>헤더 파일</Filter>
    </ClInclude>
    <ClInclude Include="mongo\db\sort_phase_one.h">
      <Filter>헤더 파일</Filter>
    </ClInclude>
    <ClInclude Include="mongo\util\timer-posixclock-inl.h">
      <Filter>헤더 파일</Filter>
    </ClInclude>
    <ClInclude Include="mongo\platform\random.h">
      <Filter>헤더 파일</Filter>
    </ClInclude>
    <ClInclude Include="mongo\db\auth\auth_index_d.h">
      <Filter>헤더 파일</Filter>
    </ClInclude>
    <ClInclude Include="mongo\db\lockstat.h">
      <Filter>헤더 파일</Filter>
    </ClInclude>
    <ClInclude Include="mongo\base\counter.h">
      <Filter>헤더 파일</Filter>
    </ClInclude>
    <ClInclude Include="mongo\util\moveablebuffer.h">
      <Filter>헤더 파일</Filter>
    </ClInclude>
    <ClInclude Include="mongo\util\winutil.h">
      <Filter>헤더 파일</Filter>
    </ClInclude>
    <ClInclude Include="mongo\util\fail_point_service.h">
      <Filter>헤더 파일</Filter>
    </ClInclude>
    <ClInclude Include="mongo\db\auth\auth_external_state_d.h">
      <Filter>헤더 파일</Filter>
    </ClInclude>
    <ClInclude Include="mongo\platform\unordered_map.h">
      <Filter>헤더 파일</Filter>
    </ClInclude>
    <ClInclude Include="mongo\platform\unordered_set.h">
      <Filter>헤더 파일</Filter>
    </ClInclude>
    <ClInclude Include="mongo\util\exit_code.h">
      <Filter>헤더 파일</Filter>
    </ClInclude>
    <ClInclude Include="mongo\platform\cstdint.h">
      <Filter>헤더 파일</Filter>
    </ClInclude>
    <ClInclude Include="mongo\db\introspect.h">
      <Filter>헤더 파일</Filter>
    </ClInclude>
    <ClInclude Include="mongo\client\constants.h">
      <Filter>헤더 파일</Filter>
    </ClInclude>
    <ClInclude Include="mongo\db\auth\auth_external_state_s.h">
      <Filter>헤더 파일</Filter>
    </ClInclude>
    <ClInclude Include="mongo\scripting\v8_profiler.h">
      <Filter>헤더 파일</Filter>
    </ClInclude>
    <ClInclude Include="mongo\util\timer-win32-inl.h">
      <Filter>헤더 파일</Filter>
    </ClInclude>
    <ClInclude Include="mongo\util\elapsed_tracker.h">
      <Filter>헤더 파일</Filter>
    </ClInclude>
    <ClInclude Include="mongo\db\auth\mongo_authentication_session.h">
      <Filter>헤더 파일</Filter>
    </ClInclude>
    <ClInclude Include="mongo\db\jsobj.h">
      <Filter>헤더 파일</Filter>
    </ClInclude>
    <ClInclude Include="mongo\util\mongoutils\hash.h">
      <Filter>헤더 파일</Filter>
    </ClInclude>
    <ClInclude Include="mongo\db\repl_block.h">
      <Filter>헤더 파일</Filter>
    </ClInclude>
    <ClInclude Include="mongo\s\version_manager.h">
      <Filter>헤더 파일</Filter>
    </ClInclude>
    <ClInclude Include="mongo\util\allocator.h">
      <Filter>헤더 파일</Filter>
    </ClInclude>
    <ClInclude Include="mongo\client\dbclient.h">
      <Filter>헤더 파일</Filter>
    </ClInclude>
    <ClInclude Include="mongo\client\dbclientmockcursor.h">
      <Filter>헤더 파일</Filter>
    </ClInclude>
    <ClInclude Include="mongo\util\systeminfo.h">
      <Filter>헤더 파일</Filter>
    </ClInclude>
    <ClInclude Include="mongo\platform\backtrace.h">
      <Filter>헤더 파일</Filter>
    </ClInclude>
    <ClInclude Include="mongo\db\initialize_server_global_state.h">
      <Filter>헤더 파일</Filter>
    </ClInclude>
    <ClInclude Include="mongo\db\index_set.h">
      <Filter>헤더 파일</Filter>
    </ClInclude>
    <ClInclude Include="mongo\util\stacktrace.h">
      <Filter>헤더 파일</Filter>
    </ClInclude>
    <ClInclude Include="mongo\util\timer-generic-inl.h">
      <Filter>헤더 파일</Filter>
    </ClInclude>
    <ClInclude Include="mongo\db\prefetch.h">
      <Filter>헤더 파일</Filter>
    </ClInclude>
    <ClInclude Include="mongo\db\pdfile_version.h">
      <Filter>헤더 파일</Filter>
    </ClInclude>
    <ClInclude Include="mongo\db\d_globals.h">
      <Filter>헤더 파일</Filter>
    </ClInclude>
    <ClInclude Include="mongo\db\interrupt_status_mongod.h">
      <Filter>헤더 파일</Filter>
    </ClInclude>
    <ClInclude Include="mongo\s\interrupt_status_mongos.h">
      <Filter>헤더 파일</Filter>
    </ClInclude>
    <ClInclude Include="mongo\base\disallow_copying.h">
      <Filter>헤더 파일</Filter>
    </ClInclude>
    <ClInclude Include="mongo\db\auth\security_key.h">
      <Filter>헤더 파일</Filter>
    </ClInclude>
    <ClInclude Include="mongo\util\stack_introspect.h">
      <Filter>헤더 파일</Filter>
    </ClInclude>
    <ClInclude Include="mongo\s\config_server_checker_service.h">
      <Filter>헤더 파일</Filter>
    </ClInclude>
    <ClInclude Include="mongo\util\compress.h">
      <Filter>헤더 파일</Filter>
    </ClInclude>
    <ClInclude Include="mongo\base\initializer_function.h">
      <Filter>헤더 파일</Filter>
    </ClInclude>
    <ClInclude Include="mongo\db\resource.h">
      <Filter>헤더 파일</Filter>
    </ClInclude>
    <ClInclude Include="mongo\util\bson_util.h">
      <Filter>헤더 파일</Filter>
    </ClInclude>
    <ClInclude Include="mongo\util\touch_pages.h">
      <Filter>헤더 파일</Filter>
    </ClInclude>
    <ClInclude Include="mongo\util\sequence_util.h">
      <Filter>헤더 파일</Filter>
    </ClInclude>
    <ClInclude Include="mongo\platform\float_utils.h">
      <Filter>헤더 파일</Filter>
    </ClInclude>
    <ClInclude Include="mongo\bson\bson_validate.h">
      <Filter>헤더 파일</Filter>
    </ClInclude>
    <ClInclude Include="mongo\util\signal_handlers.h">
      <Filter>헤더 파일</Filter>
    </ClInclude>
    <ClInclude Include="mongo\db\ops\count.h">
      <Filter>헤더 파일</Filter>
    </ClInclude>
    <ClInclude Include="mongo\util\map_util.h">
      <Filter>헤더 파일</Filter>
    </ClInclude>
    <ClInclude Include="mongo\platform\windows_basic.h">
      <Filter>헤더 파일</Filter>
    </ClInclude>
    <ClInclude Include="mongo\client\authlevel.h">
      <Filter>헤더 파일</Filter>
    </ClInclude>
    <ClInclude Include="mongo\platform\basic.h">
      <Filter>헤더 파일</Filter>
    </ClInclude>
    <ClInclude Include="mongo\targetver.h">
      <Filter>헤더 파일</Filter>
    </ClInclude>
    <ClInclude Include="mongo\db\repl\rs_exception.h">
      <Filter>헤더 파일</Filter>
    </ClInclude>
    <ClInclude Include="mongo\platform\posix_fadvise.h">
      <Filter>헤더 파일</Filter>
    </ClInclude>
    <ClInclude Include="mongo\db\ops\delete.h">
      <Filter>헤더 파일</Filter>
    </ClInclude>
    <ClInclude Include="mongo\util\string_map_internal.h">
      <Filter>헤더 파일</Filter>
    </ClInclude>
    <ClInclude Include="mongo\platform\strtoll.h">
      <Filter>헤더 파일</Filter>
    </ClInclude>
    <ClInclude Include="mongo\db\restapi.h">
      <Filter>헤더 파일</Filter>
    </ClInclude>
    <ClInclude Include="mongo\util\heapcheck.h">
      <Filter>헤더 파일</Filter>
    </ClInclude>
    <ClInclude Include="mongo\db\record.h">
      <Filter>헤더 파일</Filter>
    </ClInclude>
    <ClInclude Include="mongo\base\global_initializer.h">
      <Filter>헤더 파일</Filter>
    </ClInclude>
    <ClInclude Include="mongo\platform\compiler.h">
      <Filter>헤더 파일</Filter>
    </ClInclude>
    <ClInclude Include="mongo\util\mongoutils\checksum.h">
      <Filter>헤더 파일</Filter>
    </ClInclude>
    <ClInclude Include="mongo\platform\strcasestr.h">
      <Filter>헤더 파일</Filter>
    </ClInclude>
    <ClInclude Include="mongo\db\pdfile_private.h">
      <Filter>헤더 파일</Filter>
    </ClInclude>
    <ClInclude Include="mongo\s\server.h">
      <Filter>헤더 파일</Filter>
    </ClInclude>
    <ClInclude Include="mongo\db\collection.h">
      <Filter>헤더 파일</Filter>
    </ClInclude>
    <ClInclude Include="mongo\db\filever.h">
      <Filter>헤더 파일</Filter>
    </ClInclude>
    <ClInclude Include="mongo\util\string_writer.h">
      <Filter>헤더 파일</Filter>
    </ClInclude>
    <ClInclude Include="mongo\db\repl\rs_optime.h">
      <Filter>헤더 파일</Filter>
    </ClInclude>
    <ClInclude Include="mongo\shell\shell_utils_extended.h">
      <Filter>헤더 파일</Filter>
    </ClInclude>
    <ClInclude Include="mongo\util\exception_filter_win32.h">
      <Filter>헤더 파일</Filter>
    </ClInclude>
    <ClInclude Include="third_party\murmurhash3\MurmurHash3.h">
      <Filter>헤더 파일</Filter>
    </ClInclude>
    <ClInclude Include="mongo\db\ttl.h">
      <Filter>헤더 파일</Filter>
    </ClInclude>
    <ClInclude Include="mongo\client\clientOnly-private.h">
      <Filter>헤더 파일</Filter>
    </ClInclude>
    <ClInclude Include="mongo\db\curop-inl.h">
      <Filter>헤더 파일</Filter>
    </ClInclude>
  </ItemGroup>
  <ItemGroup>
    <ClCompile Include="mongo\client\dbclient_rs.cpp">
      <Filter>소스 파일</Filter>
    </ClCompile>
    <ClCompile Include="mongo\client\dbclient.cpp">
      <Filter>소스 파일</Filter>
    </ClCompile>
    <ClCompile Include="mongo\db\jsobj.cpp">
      <Filter>소스 파일</Filter>
    </ClCompile>
    <ClCompile Include="mongo\db\json.cpp">
      <Filter>소스 파일</Filter>
    </ClCompile>
    <ClCompile Include="mongo\util\net\sock.cpp">
      <Filter>소스 파일</Filter>
    </ClCompile>
    <ClCompile Include="mongo\util\net\listen.cpp">
      <Filter>소스 파일</Filter>
    </ClCompile>
    <ClCompile Include="mongo\client\syncclusterconnection.cpp">
      <Filter>소스 파일</Filter>
    </ClCompile>
    <ClCompile Include="mongo\client\connpool.cpp">
      <Filter>소스 파일</Filter>
    </ClCompile>
    <ClCompile Include="mongo\util\log.cpp">
      <Filter>소스 파일</Filter>
    </ClCompile>
    <ClCompile Include="mongo\util\version.cpp">
      <Filter>소스 파일</Filter>
    </ClCompile>
    <ClCompile Include="mongo\util\net\ssl_manager.cpp">
      <Filter>소스 파일</Filter>
    </ClCompile>
    <ClCompile Include="mongo\util\text.cpp">
      <Filter>소스 파일</Filter>
    </ClCompile>
    <ClCompile Include="mongo\util\file_allocator.cpp">
      <Filter>소스 파일</Filter>
    </ClCompile>
    <ClCompile Include="mongo\util\time_support.cpp">
      <Filter>소스 파일</Filter>
    </ClCompile>
    <ClCompile Include="mongo\util\md5.cpp">
      <Filter>소스 파일</Filter>
    </ClCompile>
    <ClCompile Include="mongo\util\stacktrace.cpp">
      <Filter>소스 파일</Filter>
    </ClCompile>
    <ClCompile Include="mongo\client\sasl_client_session.cpp">
      <Filter>소스 파일</Filter>
    </ClCompile>
    <ClCompile Include="mongo\bson\bson_validate.cpp">
      <Filter>소스 파일</Filter>
    </ClCompile>
    <ClCompile Include="mongo\client\dbclientcursor.cpp">
      <Filter>소스 파일</Filter>
    </ClCompile>
    <ClCompile Include="mongo\util\file.cpp">
      <Filter>소스 파일</Filter>
    </ClCompile>
    <ClCompile Include="mongo\client\sasl_client_authenticate_impl.cpp">
      <Filter>소스 파일</Filter>
    </ClCompile>
    <ClCompile Include="mongo\util\net\message_port.cpp">
      <Filter>소스 파일</Filter>
    </ClCompile>
    <ClCompile Include="mongo\util\processinfo_win32.cpp">
      <Filter>소스 파일</Filter>
    </ClCompile>
    <ClCompile Include="mongo\platform\backtrace.cpp">
      <Filter>소스 파일</Filter>
    </ClCompile>
    <ClCompile Include="third_party\murmurhash3\MurmurHash3.cpp">
      <Filter>소스 파일</Filter>
    </ClCompile>
    <ClCompile Include="mongo\client\gridfs.cpp">
      <Filter>소스 파일</Filter>
    </ClCompile>
    <ClCompile Include="mongo\util\assert_util.cpp">
      <Filter>소스 파일</Filter>
    </ClCompile>
    <ClCompile Include="mongo\base\parse_number.cpp">
      <Filter>소스 파일</Filter>
    </ClCompile>
    <ClCompile Include="mongo\bson\oid.cpp">
      <Filter>소스 파일</Filter>
    </ClCompile>
    <ClCompile Include="mongo\base\initializer_dependency_graph.cpp">
      <Filter>소스 파일</Filter>
    </ClCompile>
    <ClCompile Include="mongo\util\background.cpp">
      <Filter>소스 파일</Filter>
    </ClCompile>
    <ClCompile Include="mongo\base\error_codes.cpp">
      <Filter>소스 파일</Filter>
    </ClCompile>
    <ClCompile Include="mongo\util\ramlog.cpp">
      <Filter>소스 파일</Filter>
    </ClCompile>
    <ClCompile Include="mongo\util\stringutils.cpp">
      <Filter>소스 파일</Filter>
    </ClCompile>
    <ClCompile Include="mongo\util\md5main.cpp">
      <Filter>소스 파일</Filter>
    </ClCompile>
    <ClCompile Include="mongo\util\net\httpclient.cpp">
      <Filter>소스 파일</Filter>
    </ClCompile>
    <ClCompile Include="mongo\util\concurrency\task.cpp">
      <Filter>소스 파일</Filter>
    </ClCompile>
    <ClCompile Include="mongo\util\fail_point.cpp">
      <Filter>소스 파일</Filter>
    </ClCompile>
    <ClCompile Include="mongo\util\concurrency\thread_pool.cpp">
      <Filter>소스 파일</Filter>
    </ClCompile>
    <ClCompile Include="mongo\db\lasterror.cpp">
      <Filter>소스 파일</Filter>
    </ClCompile>
    <ClCompile Include="mongo\client\model.cpp">
      <Filter>소스 파일</Filter>
    </ClCompile>
    <ClCompile Include="mongo\util\util.cpp">
      <Filter>소스 파일</Filter>
    </ClCompile>
    <ClCompile Include="mongo\db\dbmessage.cpp">
      <Filter>소스 파일</Filter>
    </ClCompile>
    <ClCompile Include="mongo\util\histogram.cpp">
      <Filter>소스 파일</Filter>
    </ClCompile>
    <ClCompile Include="mongo\platform\random.cpp">
      <Filter>소스 파일</Filter>
    </ClCompile>
    <ClCompile Include="mongo\base\status.cpp">
      <Filter>소스 파일</Filter>
    </ClCompile>
    <ClCompile Include="mongo\util\base64.cpp">
      <Filter>소스 파일</Filter>
    </ClCompile>
    <ClCompile Include="mongo\bson\util\bson_extract.cpp">
      <Filter>소스 파일</Filter>
    </ClCompile>
    <ClCompile Include="mongo\client\sasl_client_authenticate.cpp">
      <Filter>소스 파일</Filter>
    </ClCompile>
    <ClCompile Include="mongo\base\configuration_variable_manager.cpp">
      <Filter>소스 파일</Filter>
    </ClCompile>
    <ClCompile Include="mongo\base\initializer.cpp">
      <Filter>소스 파일</Filter>
    </ClCompile>
    <ClCompile Include="mongo\util\concurrency\spin_lock.cpp">
      <Filter>소스 파일</Filter>
    </ClCompile>
    <ClCompile Include="mongo\util\concurrency\rwlockimpl.cpp">
      <Filter>소스 파일</Filter>
    </ClCompile>
    <ClCompile Include="mongo\util\signal_handlers.cpp">
      <Filter>소스 파일</Filter>
    </ClCompile>
    <ClCompile Include="mongo\util\password.cpp">
      <Filter>소스 파일</Filter>
    </ClCompile>
    <ClCompile Include="mongo\util\trace.cpp">
      <Filter>소스 파일</Filter>
    </ClCompile>
    <ClCompile Include="mongo\util\debug_util.cpp">
      <Filter>소스 파일</Filter>
    </ClCompile>
    <ClCompile Include="mongo\client\clientAndShell.cpp">
      <Filter>소스 파일</Filter>
    </ClCompile>
    <ClCompile Include="mongo\client\connection_factory.cpp">
      <Filter>소스 파일</Filter>
    </ClCompile>
    <ClCompile Include="mongo\util\timer.cpp">
      <Filter>소스 파일</Filter>
    </ClCompile>
    <ClCompile Include="mongo\util\concurrency\synchronization.cpp">
      <Filter>소스 파일</Filter>
    </ClCompile>
    <ClCompile Include="mongo\util\concurrency\mutexdebugger.cpp">
      <Filter>소스 파일</Filter>
    </ClCompile>
    <ClCompile Include="mongo\platform\posix_fadvise.cpp">
      <Filter>소스 파일</Filter>
    </ClCompile>
    <ClCompile Include="mongo\util\intrusive_counter.cpp">
      <Filter>소스 파일</Filter>
    </ClCompile>
    <ClCompile Include="mongo\util\fail_point_registry.cpp">
      <Filter>소스 파일</Filter>
    </ClCompile>
    <ClCompile Include="mongo\util\processinfo.cpp">
      <Filter>소스 파일</Filter>
    </ClCompile>
    <ClCompile Include="mongo\util\net\message.cpp">
      <Filter>소스 파일</Filter>
    </ClCompile>
    <ClCompile Include="mongo\base\global_initializer_registerer.cpp">
      <Filter>소스 파일</Filter>
    </ClCompile>
    <ClCompile Include="mongo\util\fail_point_service.cpp">
      <Filter>소스 파일</Filter>
    </ClCompile>
    <ClCompile Include="mongo\base\make_string_vector.cpp">
      <Filter>소스 파일</Filter>
    </ClCompile>
    <ClCompile Include="mongo\base\global_initializer.cpp">
      <Filter>소스 파일</Filter>
    </ClCompile>
    <ClCompile Include="mongo\base\init.cpp">
      <Filter>소스 파일</Filter>
    </ClCompile>
    <ClCompile Include="mongo\base\string_data.cpp">
      <Filter>소스 파일</Filter>
    </ClCompile>
    <ClCompile Include="mongo\base\initializer_context.cpp">
      <Filter>소스 파일</Filter>
    </ClCompile>
    <ClCompile Include="mongo\db\namespace.cpp">
      <Filter>소스 파일</Filter>
    </ClCompile>
    <ClCompile Include="mongo\pch.cpp">
      <Filter>소스 파일</Filter>
    </ClCompile>
    <ClCompile Include="mongo\client\clientOnly.cpp">
      <Filter>소스 파일</Filter>
    </ClCompile>
  </ItemGroup>
</Project>